// !$*UTF8*$!
{
	archiveVersion = 1;
	classes = {
	};
	objectVersion = 46;
	objects = {

/* Begin PBXBuildFile section */
		1722CAA2165A73B000A8ED02 /* FHAddPinViewController.m in Sources */ = {isa = PBXBuildFile; fileRef = 1722CAA1165A73B000A8ED02 /* FHAddPinViewController.m */; };
		17B4995B165A32A800B2F095 /* CoreLocation.framework in Frameworks */ = {isa = PBXBuildFile; fileRef = 17B4995A165A32A800B2F095 /* CoreLocation.framework */; };
		17B54BAA16636F3A00339773 /* FHSearchResultViewController.m in Sources */ = {isa = PBXBuildFile; fileRef = 17B54BA916636F3A00339773 /* FHSearchResultViewController.m */; };
		17B54BAE1663752900339773 /* FHNewPinCategorieViewController.m in Sources */ = {isa = PBXBuildFile; fileRef = 17B54BAD1663752900339773 /* FHNewPinCategorieViewController.m */; };
		17B54BB4166CBA2200339773 /* Model.xcdatamodeld in Sources */ = {isa = PBXBuildFile; fileRef = 17B54BB2166CBA2200339773 /* Model.xcdatamodeld */; };
		17B54BB7166F2B0500339773 /* Annotation.m in Sources */ = {isa = PBXBuildFile; fileRef = 17B54BB6166F2B0500339773 /* Annotation.m */; };
		17B54BB9166F2CA400339773 /* CoreData.framework in Frameworks */ = {isa = PBXBuildFile; fileRef = 17B54BB8166F2CA400339773 /* CoreData.framework */; };
		17BA09001649446300B730B2 /* UIKit.framework in Frameworks */ = {isa = PBXBuildFile; fileRef = 17BA08FF1649446300B730B2 /* UIKit.framework */; };
		17BA09021649446300B730B2 /* Foundation.framework in Frameworks */ = {isa = PBXBuildFile; fileRef = 17BA09011649446300B730B2 /* Foundation.framework */; };
		17BA09041649446300B730B2 /* CoreGraphics.framework in Frameworks */ = {isa = PBXBuildFile; fileRef = 17BA09031649446300B730B2 /* CoreGraphics.framework */; };
		17BA090A1649446300B730B2 /* InfoPlist.strings in Resources */ = {isa = PBXBuildFile; fileRef = 17BA09081649446300B730B2 /* InfoPlist.strings */; };
		17BA090C1649446300B730B2 /* main.m in Sources */ = {isa = PBXBuildFile; fileRef = 17BA090B1649446300B730B2 /* main.m */; };
		17BA09101649446300B730B2 /* FHAppDelegate.m in Sources */ = {isa = PBXBuildFile; fileRef = 17BA090F1649446300B730B2 /* FHAppDelegate.m */; };
		17BA09121649446300B730B2 /* Default.png in Resources */ = {isa = PBXBuildFile; fileRef = 17BA09111649446300B730B2 /* Default.png */; };
		17BA09141649446300B730B2 /* Default@2x.png in Resources */ = {isa = PBXBuildFile; fileRef = 17BA09131649446300B730B2 /* Default@2x.png */; };
		17BA09161649446400B730B2 /* Default-568h@2x.png in Resources */ = {isa = PBXBuildFile; fileRef = 17BA09151649446400B730B2 /* Default-568h@2x.png */; };
		17BA09191649446400B730B2 /* MainStoryboard.storyboard in Resources */ = {isa = PBXBuildFile; fileRef = 17BA09171649446400B730B2 /* MainStoryboard.storyboard */; };
		17BA091E1649446400B730B2 /* first.png in Resources */ = {isa = PBXBuildFile; fileRef = 17BA091D1649446400B730B2 /* first.png */; };
		17BA09201649446400B730B2 /* first@2x.png in Resources */ = {isa = PBXBuildFile; fileRef = 17BA091F1649446400B730B2 /* first@2x.png */; };
		17BA09251649446400B730B2 /* second.png in Resources */ = {isa = PBXBuildFile; fileRef = 17BA09241649446400B730B2 /* second.png */; };
		17BA09271649446400B730B2 /* second@2x.png in Resources */ = {isa = PBXBuildFile; fileRef = 17BA09261649446400B730B2 /* second@2x.png */; };
		17BA09311649469500B730B2 /* FHCategoriesViewController.m in Sources */ = {isa = PBXBuildFile; fileRef = 17BA09301649469500B730B2 /* FHCategoriesViewController.m */; };
		17BA0934164963EA00B730B2 /* FHCatNavViewController.m in Sources */ = {isa = PBXBuildFile; fileRef = 17BA0933164963EA00B730B2 /* FHCatNavViewController.m */; };
		17D141F316510608007D7B97 /* FHMapViewController.m in Sources */ = {isa = PBXBuildFile; fileRef = 17D141F216510608007D7B97 /* FHMapViewController.m */; };
		17D141F616510628007D7B97 /* MapKit.framework in Frameworks */ = {isa = PBXBuildFile; fileRef = 17D141F516510628007D7B97 /* MapKit.framework */; };
/* End PBXBuildFile section */

/* Begin PBXFileReference section */
		1722CAA0165A73B000A8ED02 /* FHAddPinViewController.h */ = {isa = PBXFileReference; fileEncoding = 4; lastKnownFileType = sourcecode.c.h; path = FHAddPinViewController.h; sourceTree = "<group>"; };
		1722CAA1165A73B000A8ED02 /* FHAddPinViewController.m */ = {isa = PBXFileReference; fileEncoding = 4; lastKnownFileType = sourcecode.c.objc; path = FHAddPinViewController.m; sourceTree = "<group>"; };
		17B4995A165A32A800B2F095 /* CoreLocation.framework */ = {isa = PBXFileReference; lastKnownFileType = wrapper.framework; name = CoreLocation.framework; path = System/Library/Frameworks/CoreLocation.framework; sourceTree = SDKROOT; };
		17B54BA816636F3A00339773 /* FHSearchResultViewController.h */ = {isa = PBXFileReference; fileEncoding = 4; lastKnownFileType = sourcecode.c.h; path = FHSearchResultViewController.h; sourceTree = "<group>"; };
		17B54BA916636F3A00339773 /* FHSearchResultViewController.m */ = {isa = PBXFileReference; fileEncoding = 4; lastKnownFileType = sourcecode.c.objc; path = FHSearchResultViewController.m; sourceTree = "<group>"; };
		17B54BAC1663752900339773 /* FHNewPinCategorieViewController.h */ = {isa = PBXFileReference; fileEncoding = 4; lastKnownFileType = sourcecode.c.h; path = FHNewPinCategorieViewController.h; sourceTree = "<group>"; };
		17B54BAD1663752900339773 /* FHNewPinCategorieViewController.m */ = {isa = PBXFileReference; fileEncoding = 4; lastKnownFileType = sourcecode.c.objc; path = FHNewPinCategorieViewController.m; sourceTree = "<group>"; };
		17B54BB3166CBA2200339773 /* Model.xcdatamodel */ = {isa = PBXFileReference; lastKnownFileType = wrapper.xcdatamodel; path = Model.xcdatamodel; sourceTree = "<group>"; };
		17B54BB5166F2B0500339773 /* Annotation.h */ = {isa = PBXFileReference; fileEncoding = 4; lastKnownFileType = sourcecode.c.h; path = Annotation.h; sourceTree = "<group>"; };
		17B54BB6166F2B0500339773 /* Annotation.m */ = {isa = PBXFileReference; fileEncoding = 4; lastKnownFileType = sourcecode.c.objc; path = Annotation.m; sourceTree = "<group>"; };
		17B54BB8166F2CA400339773 /* CoreData.framework */ = {isa = PBXFileReference; lastKnownFileType = wrapper.framework; name = CoreData.framework; path = System/Library/Frameworks/CoreData.framework; sourceTree = SDKROOT; };
		17BA08FB1649446300B730B2 /* Föttmaninger Heide.app */ = {isa = PBXFileReference; explicitFileType = wrapper.application; includeInIndex = 0; path = "Föttmaninger Heide.app"; sourceTree = BUILT_PRODUCTS_DIR; };
		17BA08FF1649446300B730B2 /* UIKit.framework */ = {isa = PBXFileReference; lastKnownFileType = wrapper.framework; name = UIKit.framework; path = System/Library/Frameworks/UIKit.framework; sourceTree = SDKROOT; };
		17BA09011649446300B730B2 /* Foundation.framework */ = {isa = PBXFileReference; lastKnownFileType = wrapper.framework; name = Foundation.framework; path = System/Library/Frameworks/Foundation.framework; sourceTree = SDKROOT; };
		17BA09031649446300B730B2 /* CoreGraphics.framework */ = {isa = PBXFileReference; lastKnownFileType = wrapper.framework; name = CoreGraphics.framework; path = System/Library/Frameworks/CoreGraphics.framework; sourceTree = SDKROOT; };
		17BA09071649446300B730B2 /* Föttmaninger Heide-Info.plist */ = {isa = PBXFileReference; lastKnownFileType = text.plist.xml; path = "Föttmaninger Heide-Info.plist"; sourceTree = "<group>"; };
		17BA09091649446300B730B2 /* en */ = {isa = PBXFileReference; lastKnownFileType = text.plist.strings; name = en; path = en.lproj/InfoPlist.strings; sourceTree = "<group>"; };
		17BA090B1649446300B730B2 /* main.m */ = {isa = PBXFileReference; lastKnownFileType = sourcecode.c.objc; path = main.m; sourceTree = "<group>"; };
		17BA090D1649446300B730B2 /* Föttmaninger Heide-Prefix.pch */ = {isa = PBXFileReference; lastKnownFileType = sourcecode.c.h; path = "Föttmaninger Heide-Prefix.pch"; sourceTree = "<group>"; };
		17BA090E1649446300B730B2 /* FHAppDelegate.h */ = {isa = PBXFileReference; lastKnownFileType = sourcecode.c.h; path = FHAppDelegate.h; sourceTree = "<group>"; };
		17BA090F1649446300B730B2 /* FHAppDelegate.m */ = {isa = PBXFileReference; lastKnownFileType = sourcecode.c.objc; path = FHAppDelegate.m; sourceTree = "<group>"; };
		17BA09111649446300B730B2 /* Default.png */ = {isa = PBXFileReference; lastKnownFileType = image.png; path = Default.png; sourceTree = "<group>"; };
		17BA09131649446300B730B2 /* Default@2x.png */ = {isa = PBXFileReference; lastKnownFileType = image.png; path = "Default@2x.png"; sourceTree = "<group>"; };
		17BA09151649446400B730B2 /* Default-568h@2x.png */ = {isa = PBXFileReference; lastKnownFileType = image.png; path = "Default-568h@2x.png"; sourceTree = "<group>"; };
		17BA09181649446400B730B2 /* en */ = {isa = PBXFileReference; lastKnownFileType = file.storyboard; name = en; path = en.lproj/MainStoryboard.storyboard; sourceTree = "<group>"; };
		17BA091D1649446400B730B2 /* first.png */ = {isa = PBXFileReference; lastKnownFileType = image.png; name = first.png; path = "Föttmaninger Heide/first.png"; sourceTree = "<group>"; };
		17BA091F1649446400B730B2 /* first@2x.png */ = {isa = PBXFileReference; lastKnownFileType = image.png; name = "first@2x.png"; path = "Föttmaninger Heide/first@2x.png"; sourceTree = "<group>"; };
		17BA09241649446400B730B2 /* second.png */ = {isa = PBXFileReference; lastKnownFileType = image.png; name = second.png; path = "Föttmaninger Heide/second.png"; sourceTree = "<group>"; };
		17BA09261649446400B730B2 /* second@2x.png */ = {isa = PBXFileReference; lastKnownFileType = image.png; name = "second@2x.png"; path = "Föttmaninger Heide/second@2x.png"; sourceTree = "<group>"; };
		17BA092F1649469500B730B2 /* FHCategoriesViewController.h */ = {isa = PBXFileReference; fileEncoding = 4; lastKnownFileType = sourcecode.c.h; name = FHCategoriesViewController.h; path = "Föttmaninger Heide/FHCategoriesViewController.h"; sourceTree = "<group>"; };
		17BA09301649469500B730B2 /* FHCategoriesViewController.m */ = {isa = PBXFileReference; fileEncoding = 4; lastKnownFileType = sourcecode.c.objc; name = FHCategoriesViewController.m; path = "Föttmaninger Heide/FHCategoriesViewController.m"; sourceTree = "<group>"; };
		17BA0932164963EA00B730B2 /* FHCatNavViewController.h */ = {isa = PBXFileReference; fileEncoding = 4; lastKnownFileType = sourcecode.c.h; path = FHCatNavViewController.h; sourceTree = "<group>"; };
		17BA0933164963EA00B730B2 /* FHCatNavViewController.m */ = {isa = PBXFileReference; fileEncoding = 4; lastKnownFileType = sourcecode.c.objc; path = FHCatNavViewController.m; sourceTree = "<group>"; };
		17D141F116510608007D7B97 /* FHMapViewController.h */ = {isa = PBXFileReference; fileEncoding = 4; lastKnownFileType = sourcecode.c.h; path = FHMapViewController.h; sourceTree = "<group>"; };
		17D141F216510608007D7B97 /* FHMapViewController.m */ = {isa = PBXFileReference; fileEncoding = 4; lastKnownFileType = sourcecode.c.objc; path = FHMapViewController.m; sourceTree = "<group>"; };
		17D141F516510628007D7B97 /* MapKit.framework */ = {isa = PBXFileReference; lastKnownFileType = wrapper.framework; name = MapKit.framework; path = System/Library/Frameworks/MapKit.framework; sourceTree = SDKROOT; };
/* End PBXFileReference section */

/* Begin PBXFrameworksBuildPhase section */
		17BA08F81649446300B730B2 /* Frameworks */ = {
			isa = PBXFrameworksBuildPhase;
			buildActionMask = 2147483647;
			files = (
				17B54BB9166F2CA400339773 /* CoreData.framework in Frameworks */,
				17B4995B165A32A800B2F095 /* CoreLocation.framework in Frameworks */,
				17D141F616510628007D7B97 /* MapKit.framework in Frameworks */,
				17BA09001649446300B730B2 /* UIKit.framework in Frameworks */,
				17BA09021649446300B730B2 /* Foundation.framework in Frameworks */,
				17BA09041649446300B730B2 /* CoreGraphics.framework in Frameworks */,
			);
			runOnlyForDeploymentPostprocessing = 0;
		};
/* End PBXFrameworksBuildPhase section */

/* Begin PBXGroup section */
		17B54BAF16637EFD00339773 /* Categories */ = {
			isa = PBXGroup;
			children = (
				17B54BA816636F3A00339773 /* FHSearchResultViewController.h */,
				17B54BA916636F3A00339773 /* FHSearchResultViewController.m */,
				17BA092F1649469500B730B2 /* FHCategoriesViewController.h */,
				17BA09301649469500B730B2 /* FHCategoriesViewController.m */,
				17BA0932164963EA00B730B2 /* FHCatNavViewController.h */,
				17BA0933164963EA00B730B2 /* FHCatNavViewController.m */,
			);
			name = Categories;
			sourceTree = "<group>";
		};
		17B54BB016637F0C00339773 /* Map */ = {
			isa = PBXGroup;
			children = (
				17D141F116510608007D7B97 /* FHMapViewController.h */,
				17D141F216510608007D7B97 /* FHMapViewController.m */,
				1722CAA0165A73B000A8ED02 /* FHAddPinViewController.h */,
				1722CAA1165A73B000A8ED02 /* FHAddPinViewController.m */,
				17B54BAC1663752900339773 /* FHNewPinCategorieViewController.h */,
				17B54BAD1663752900339773 /* FHNewPinCategorieViewController.m */,
			);
			name = Map;
			sourceTree = "<group>";
		};
		17B54BB1166CB9FA00339773 /* Core Data */ = {
			isa = PBXGroup;
			children = (
				17B54BB2166CBA2200339773 /* Model.xcdatamodeld */,
				17B54BB5166F2B0500339773 /* Annotation.h */,
				17B54BB6166F2B0500339773 /* Annotation.m */,
			);
			name = "Core Data";
			sourceTree = "<group>";
		};
		17BA08F01649446300B730B2 = {
			isa = PBXGroup;
			children = (
				17BA092E164944CE00B730B2 /* View Controllers */,
				17BA092D1649449F00B730B2 /* Images */,
				17BA09051649446300B730B2 /* Föttmaninger Heide */,
				17BA08FE1649446300B730B2 /* Frameworks */,
				17BA08FC1649446300B730B2 /* Products */,
			);
			sourceTree = "<group>";
		};
		17BA08FC1649446300B730B2 /* Products */ = {
			isa = PBXGroup;
			children = (
				17BA08FB1649446300B730B2 /* Föttmaninger Heide.app */,
			);
			name = Products;
			sourceTree = "<group>";
		};
		17BA08FE1649446300B730B2 /* Frameworks */ = {
			isa = PBXGroup;
			children = (
				17B54BB8166F2CA400339773 /* CoreData.framework */,
				17B4995A165A32A800B2F095 /* CoreLocation.framework */,
				17D141F516510628007D7B97 /* MapKit.framework */,
				17BA08FF1649446300B730B2 /* UIKit.framework */,
				17BA09011649446300B730B2 /* Foundation.framework */,
				17BA09031649446300B730B2 /* CoreGraphics.framework */,
			);
			name = Frameworks;
			sourceTree = "<group>";
		};
		17BA09051649446300B730B2 /* Föttmaninger Heide */ = {
			isa = PBXGroup;
			children = (
				17BA090E1649446300B730B2 /* FHAppDelegate.h */,
				17BA090F1649446300B730B2 /* FHAppDelegate.m */,
				17BA09171649446400B730B2 /* MainStoryboard.storyboard */,
				17BA09061649446300B730B2 /* Supporting Files */,
			);
			path = "Föttmaninger Heide";
			sourceTree = "<group>";
		};
		17BA09061649446300B730B2 /* Supporting Files */ = {
			isa = PBXGroup;
			children = (
				17BA09071649446300B730B2 /* Föttmaninger Heide-Info.plist */,
				17BA09081649446300B730B2 /* InfoPlist.strings */,
				17BA090B1649446300B730B2 /* main.m */,
				17BA090D1649446300B730B2 /* Föttmaninger Heide-Prefix.pch */,
				17BA09111649446300B730B2 /* Default.png */,
				17BA09131649446300B730B2 /* Default@2x.png */,
				17BA09151649446400B730B2 /* Default-568h@2x.png */,
			);
			name = "Supporting Files";
			sourceTree = "<group>";
		};
		17BA092D1649449F00B730B2 /* Images */ = {
			isa = PBXGroup;
			children = (
				17BA091D1649446400B730B2 /* first.png */,
				17BA091F1649446400B730B2 /* first@2x.png */,
				17BA09241649446400B730B2 /* second.png */,
				17BA09261649446400B730B2 /* second@2x.png */,
			);
			name = Images;
			sourceTree = "<group>";
		};
		17BA092E164944CE00B730B2 /* View Controllers */ = {
			isa = PBXGroup;
			children = (
				17B54BB1166CB9FA00339773 /* Core Data */,
				17B54BB016637F0C00339773 /* Map */,
				17B54BAF16637EFD00339773 /* Categories */,
			);
			name = "View Controllers";
			sourceTree = "<group>";
		};
/* End PBXGroup section */

/* Begin PBXNativeTarget section */
		17BA08FA1649446300B730B2 /* Föttmaninger Heide */ = {
			isa = PBXNativeTarget;
			buildConfigurationList = 17BA092A1649446400B730B2 /* Build configuration list for PBXNativeTarget "Föttmaninger Heide" */;
			buildPhases = (
				17BA08F71649446300B730B2 /* Sources */,
				17BA08F81649446300B730B2 /* Frameworks */,
				17BA08F91649446300B730B2 /* Resources */,
			);
			buildRules = (
			);
			dependencies = (
			);
			name = "Föttmaninger Heide";
			productName = "Föttmaninger Heide";
			productReference = 17BA08FB1649446300B730B2 /* Föttmaninger Heide.app */;
			productType = "com.apple.product-type.application";
		};
/* End PBXNativeTarget section */

/* Begin PBXProject section */
		17BA08F21649446300B730B2 /* Project object */ = {
			isa = PBXProject;
			attributes = {
				CLASSPREFIX = FH;
				LastUpgradeCheck = 0450;
				ORGANIZATIONNAME = "Philipp Sporrer";
			};
			buildConfigurationList = 17BA08F51649446300B730B2 /* Build configuration list for PBXProject "Föttmaninger Heide" */;
			compatibilityVersion = "Xcode 3.2";
			developmentRegion = English;
			hasScannedForEncodings = 0;
			knownRegions = (
				en,
			);
			mainGroup = 17BA08F01649446300B730B2;
			productRefGroup = 17BA08FC1649446300B730B2 /* Products */;
			projectDirPath = "";
			projectRoot = "";
			targets = (
				17BA08FA1649446300B730B2 /* Föttmaninger Heide */,
			);
		};
/* End PBXProject section */

/* Begin PBXResourcesBuildPhase section */
		17BA08F91649446300B730B2 /* Resources */ = {
			isa = PBXResourcesBuildPhase;
			buildActionMask = 2147483647;
			files = (
				17BA090A1649446300B730B2 /* InfoPlist.strings in Resources */,
				17BA09121649446300B730B2 /* Default.png in Resources */,
				17BA09141649446300B730B2 /* Default@2x.png in Resources */,
				17BA09161649446400B730B2 /* Default-568h@2x.png in Resources */,
				17BA09191649446400B730B2 /* MainStoryboard.storyboard in Resources */,
				17BA091E1649446400B730B2 /* first.png in Resources */,
				17BA09201649446400B730B2 /* first@2x.png in Resources */,
				17BA09251649446400B730B2 /* second.png in Resources */,
				17BA09271649446400B730B2 /* second@2x.png in Resources */,
			);
			runOnlyForDeploymentPostprocessing = 0;
		};
/* End PBXResourcesBuildPhase section */

/* Begin PBXSourcesBuildPhase section */
		17BA08F71649446300B730B2 /* Sources */ = {
			isa = PBXSourcesBuildPhase;
			buildActionMask = 2147483647;
			files = (
				17BA090C1649446300B730B2 /* main.m in Sources */,
				17BA09101649446300B730B2 /* FHAppDelegate.m in Sources */,
				17BA09311649469500B730B2 /* FHCategoriesViewController.m in Sources */,
				17BA0934164963EA00B730B2 /* FHCatNavViewController.m in Sources */,
				17D141F316510608007D7B97 /* FHMapViewController.m in Sources */,
				1722CAA2165A73B000A8ED02 /* FHAddPinViewController.m in Sources */,
				17B54BAA16636F3A00339773 /* FHSearchResultViewController.m in Sources */,
				17B54BAE1663752900339773 /* FHNewPinCategorieViewController.m in Sources */,
				17B54BB4166CBA2200339773 /* Model.xcdatamodeld in Sources */,
				17B54BB7166F2B0500339773 /* Annotation.m in Sources */,
			);
			runOnlyForDeploymentPostprocessing = 0;
		};
/* End PBXSourcesBuildPhase section */

/* Begin PBXVariantGroup section */
		17BA09081649446300B730B2 /* InfoPlist.strings */ = {
			isa = PBXVariantGroup;
			children = (
				17BA09091649446300B730B2 /* en */,
			);
			name = InfoPlist.strings;
			sourceTree = "<group>";
		};
		17BA09171649446400B730B2 /* MainStoryboard.storyboard */ = {
			isa = PBXVariantGroup;
			children = (
				17BA09181649446400B730B2 /* en */,
			);
			name = MainStoryboard.storyboard;
			sourceTree = "<group>";
		};
/* End PBXVariantGroup section */

/* Begin XCBuildConfiguration section */
		17BA09281649446400B730B2 /* Debug */ = {
			isa = XCBuildConfiguration;
			buildSettings = {
				ALWAYS_SEARCH_USER_PATHS = NO;
				CLANG_CXX_LANGUAGE_STANDARD = "gnu++0x";
				CLANG_CXX_LIBRARY = "libc++";
				CLANG_ENABLE_OBJC_ARC = YES;
				CLANG_WARN_EMPTY_BODY = YES;
				CLANG_WARN__DUPLICATE_METHOD_MATCH = YES;
				"CODE_SIGN_IDENTITY[sdk=iphoneos*]" = "iPhone Developer";
				COPY_PHASE_STRIP = NO;
				GCC_C_LANGUAGE_STANDARD = gnu99;
				GCC_DYNAMIC_NO_PIC = NO;
				GCC_OPTIMIZATION_LEVEL = 0;
				GCC_PREPROCESSOR_DEFINITIONS = (
					"DEBUG=1",
					"$(inherited)",
				);
				GCC_SYMBOLS_PRIVATE_EXTERN = NO;
				GCC_WARN_ABOUT_RETURN_TYPE = YES;
				GCC_WARN_UNINITIALIZED_AUTOS = YES;
				GCC_WARN_UNUSED_VARIABLE = YES;
				IPHONEOS_DEPLOYMENT_TARGET = 6.0;
				SDKROOT = iphoneos;
			};
			name = Debug;
		};
		17BA09291649446400B730B2 /* Release */ = {
			isa = XCBuildConfiguration;
			buildSettings = {
				ALWAYS_SEARCH_USER_PATHS = NO;
				CLANG_CXX_LANGUAGE_STANDARD = "gnu++0x";
				CLANG_CXX_LIBRARY = "libc++";
				CLANG_ENABLE_OBJC_ARC = YES;
				CLANG_WARN_EMPTY_BODY = YES;
				CLANG_WARN__DUPLICATE_METHOD_MATCH = YES;
				"CODE_SIGN_IDENTITY[sdk=iphoneos*]" = "iPhone Developer";
				COPY_PHASE_STRIP = YES;
				GCC_C_LANGUAGE_STANDARD = gnu99;
				GCC_WARN_ABOUT_RETURN_TYPE = YES;
				GCC_WARN_UNINITIALIZED_AUTOS = YES;
				GCC_WARN_UNUSED_VARIABLE = YES;
				IPHONEOS_DEPLOYMENT_TARGET = 6.0;
				OTHER_CFLAGS = "-DNS_BLOCK_ASSERTIONS=1";
				SDKROOT = iphoneos;
				VALIDATE_PRODUCT = YES;
			};
			name = Release;
		};
		17BA092B1649446400B730B2 /* Debug */ = {
			isa = XCBuildConfiguration;
			buildSettings = {
				GCC_PRECOMPILE_PREFIX_HEADER = YES;
				GCC_PREFIX_HEADER = "Föttmaninger Heide/Föttmaninger Heide-Prefix.pch";
				INFOPLIST_FILE = "Föttmaninger Heide/Föttmaninger Heide-Info.plist";
				PRODUCT_NAME = "$(TARGET_NAME)";
				WRAPPER_EXTENSION = app;
			};
			name = Debug;
		};
		17BA092C1649446400B730B2 /* Release */ = {
			isa = XCBuildConfiguration;
			buildSettings = {
				GCC_PRECOMPILE_PREFIX_HEADER = YES;
				GCC_PREFIX_HEADER = "Föttmaninger Heide/Föttmaninger Heide-Prefix.pch";
				INFOPLIST_FILE = "Föttmaninger Heide/Föttmaninger Heide-Info.plist";
				PRODUCT_NAME = "$(TARGET_NAME)";
				WRAPPER_EXTENSION = app;
			};
			name = Release;
		};
/* End XCBuildConfiguration section */

/* Begin XCConfigurationList section */
		17BA08F51649446300B730B2 /* Build configuration list for PBXProject "Föttmaninger Heide" */ = {
			isa = XCConfigurationList;
			buildConfigurations = (
				17BA09281649446400B730B2 /* Debug */,
				17BA09291649446400B730B2 /* Release */,
			);
			defaultConfigurationIsVisible = 0;
			defaultConfigurationName = Release;
		};
		17BA092A1649446400B730B2 /* Build configuration list for PBXNativeTarget "Föttmaninger Heide" */ = {
			isa = XCConfigurationList;
			buildConfigurations = (
				17BA092B1649446400B730B2 /* Debug */,
				17BA092C1649446400B730B2 /* Release */,
			);
			defaultConfigurationIsVisible = 0;
			defaultConfigurationName = Release;
		};
/* End XCConfigurationList section */

/* Begin XCVersionGroup section */
		17B54BB2166CBA2200339773 /* Model.xcdatamodeld */ = {
			isa = XCVersionGroup;
			children = (
				17B54BB3166CBA2200339773 /* Model.xcdatamodel */,
			);
			currentVersion = 17B54BB3166CBA2200339773 /* Model.xcdatamodel */;
			path = Model.xcdatamodeld;
			sourceTree = "<group>";
			versionGroupType = wrapper.xcdatamodel;
		};
/* End XCVersionGroup section */
	};
	rootObject = 17BA08F21649446300B730B2 /* Project object */;
}
